// !$*UTF8*$!
{
	archiveVersion = 1;
	classes = {
	};
	objectVersion = 46;
	objects = {

/* Begin PBXBuildFile section */
		FBCEB2E71A7F068000FEE1A2 /* MemoryManager.cpp in Sources */ = {isa = PBXBuildFile; fileRef = FBCEB2E21A7F068000FEE1A2 /* MemoryManager.cpp */; };
		FBCEB2E81A7F068000FEE1A2 /* main.cpp in Sources */ = {isa = PBXBuildFile; fileRef = FBCEB2E51A7F068000FEE1A2 /* main.cpp */; };
/* End PBXBuildFile section */

/* Begin PBXCopyFilesBuildPhase section */
		FBCEB2D41A7F065E00FEE1A2 /* CopyFiles */ = {
			isa = PBXCopyFilesBuildPhase;
			buildActionMask = 2147483647;
			dstPath = /usr/share/man/man1/;
			dstSubfolderSpec = 0;
			files = (
			);
			runOnlyForDeploymentPostprocessing = 1;
		};
/* End PBXCopyFilesBuildPhase section */

/* Begin PBXFileReference section */
		FBCEB2D61A7F065E00FEE1A2 /* project */ = {isa = PBXFileReference; explicitFileType = "compiled.mach-o.executable"; includeInIndex = 0; path = project; sourceTree = BUILT_PRODUCTS_DIR; };
		FBCEB2E21A7F068000FEE1A2 /* MemoryManager.cpp */ = {isa = PBXFileReference; fileEncoding = 4; lastKnownFileType = sourcecode.cpp.cpp; path = MemoryManager.cpp; sourceTree = "<group>"; };
		FBCEB2E31A7F068000FEE1A2 /* MemoryManager.h */ = {isa = PBXFileReference; fileEncoding = 4; lastKnownFileType = sourcecode.c.h; path = MemoryManager.h; sourceTree = "<group>"; };
		FBCEB2E41A7F068000FEE1A2 /* CString.h */ = {isa = PBXFileReference; fileEncoding = 4; lastKnownFileType = sourcecode.c.h; path = CString.h; sourceTree = "<group>"; };
		FBCEB2E51A7F068000FEE1A2 /* main.cpp */ = {isa = PBXFileReference; fileEncoding = 4; lastKnownFileType = sourcecode.cpp.cpp; path = main.cpp; sourceTree = "<group>"; };
		FBCEB2E61A7F068000FEE1A2 /* note.h */ = {isa = PBXFileReference; fileEncoding = 4; lastKnownFileType = sourcecode.c.h; path = note.h; sourceTree = "<group>"; };
/* End PBXFileReference section */

/* Begin PBXFrameworksBuildPhase section */
		FBCEB2D31A7F065E00FEE1A2 /* Frameworks */ = {
			isa = PBXFrameworksBuildPhase;
			buildActionMask = 2147483647;
			files = (
			);
			runOnlyForDeploymentPostprocessing = 0;
		};
/* End PBXFrameworksBuildPhase section */

/* Begin PBXGroup section */
		FBCEB2CD1A7F065E00FEE1A2 = {
			isa = PBXGroup;
			children = (
				FBCEB2E01A7F068000FEE1A2 /* c++ */,
				FBCEB2D71A7F065E00FEE1A2 /* Products */,
			);
			sourceTree = "<group>";
		};
		FBCEB2D71A7F065E00FEE1A2 /* Products */ = {
			isa = PBXGroup;
			children = (
				FBCEB2D61A7F065E00FEE1A2 /* project */,
			);
			name = Products;
			sourceTree = "<group>";
		};
		FBCEB2E01A7F068000FEE1A2 /* c++ */ = {
			isa = PBXGroup;
			children = (
				FBCEB2E11A7F068000FEE1A2 /* 20141212 */,
				FBCEB2E41A7F068000FEE1A2 /* CString.h */,
				FBCEB2E51A7F068000FEE1A2 /* main.cpp */,
				FBCEB2E61A7F068000FEE1A2 /* note.h */,
			);
			path = "c++";
			sourceTree = "<group>";
		};
		FBCEB2E11A7F068000FEE1A2 /* 20141212 */ = {
			isa = PBXGroup;
			children = (
				FBCEB2E21A7F068000FEE1A2 /* MemoryManager.cpp */,
				FBCEB2E31A7F068000FEE1A2 /* MemoryManager.h */,
			);
			path = 20141212;
			sourceTree = "<group>";
		};
/* End PBXGroup section */

/* Begin PBXNativeTarget section */
		FBCEB2D51A7F065E00FEE1A2 /* project */ = {
			isa = PBXNativeTarget;
			buildConfigurationList = FBCEB2DD1A7F065E00FEE1A2 /* Build configuration list for PBXNativeTarget "project" */;
			buildPhases = (
				FBCEB2D21A7F065E00FEE1A2 /* Sources */,
				FBCEB2D31A7F065E00FEE1A2 /* Frameworks */,
				FBCEB2D41A7F065E00FEE1A2 /* CopyFiles */,
			);
			buildRules = (
			);
			dependencies = (
			);
			name = project;
			productName = project;
			productReference = FBCEB2D61A7F065E00FEE1A2 /* project */;
			productType = "com.apple.product-type.tool";
		};
/* End PBXNativeTarget section */

/* Begin PBXProject section */
		FBCEB2CE1A7F065E00FEE1A2 /* Project object */ = {
			isa = PBXProject;
			attributes = {
				LastUpgradeCheck = 0610;
				ORGANIZATIONNAME = "华伟吴";
				TargetAttributes = {
					FBCEB2D51A7F065E00FEE1A2 = {
						CreatedOnToolsVersion = 6.1.1;
					};
				};
			};
			buildConfigurationList = FBCEB2D11A7F065E00FEE1A2 /* Build configuration list for PBXProject "project" */;
			compatibilityVersion = "Xcode 3.2";
			developmentRegion = English;
			hasScannedForEncodings = 0;
			knownRegions = (
				en,
			);
			mainGroup = FBCEB2CD1A7F065E00FEE1A2;
			productRefGroup = FBCEB2D71A7F065E00FEE1A2 /* Products */;
			projectDirPath = "";
			projectRoot = "";
			targets = (
				FBCEB2D51A7F065E00FEE1A2 /* project */,
			);
		};
/* End PBXProject section */

/* Begin PBXSourcesBuildPhase section */
		FBCEB2D21A7F065E00FEE1A2 /* Sources */ = {
			isa = PBXSourcesBuildPhase;
			buildActionMask = 2147483647;
			files = (
				FBCEB2E81A7F068000FEE1A2 /* main.cpp in Sources */,
				FBCEB2E71A7F068000FEE1A2 /* MemoryManager.cpp in Sources */,
			);
			runOnlyForDeploymentPostprocessing = 0;
		};
/* End PBXSourcesBuildPhase section */

/* Begin XCBuildConfiguration section */
		FBCEB2DB1A7F065E00FEE1A2 /* Debug */ = {
			isa = XCBuildConfiguration;
			buildSettings = {
				ALWAYS_SEARCH_USER_PATHS = NO;
				CLANG_CXX_LANGUAGE_STANDARD = "gnu++0x";
				CLANG_CXX_LIBRARY = "libc++";
				CLANG_ENABLE_MODULES = YES;
				CLANG_ENABLE_OBJC_ARC = YES;
				CLANG_WARN_BOOL_CONVERSION = YES;
				CLANG_WARN_CONSTANT_CONVERSION = YES;
				CLANG_WARN_DIRECT_OBJC_ISA_USAGE = YES_ERROR;
				CLANG_WARN_EMPTY_BODY = YES;
				CLANG_WARN_ENUM_CONVERSION = YES;
				CLANG_WARN_INT_CONVERSION = YES;
				CLANG_WARN_OBJC_ROOT_CLASS = YES_ERROR;
				CLANG_WARN_UNREACHABLE_CODE = YES;
				CLANG_WARN__DUPLICATE_METHOD_MATCH = YES;
				COPY_PHASE_STRIP = NO;
				ENABLE_STRICT_OBJC_MSGSEND = YES;
				GCC_C_LANGUAGE_STANDARD = gnu99;
				GCC_DYNAMIC_NO_PIC = NO;
				GCC_OPTIMIZATION_LEVEL = 0;
				GCC_PREPROCESSOR_DEFINITIONS = (
					"DEBUG=1",
					"$(inherited)",
				);
				GCC_SYMBOLS_PRIVATE_EXTERN = NO;
				GCC_WARN_64_TO_32_BIT_CONVERSION = YES;
				GCC_WARN_ABOUT_RETURN_TYPE = YES_ERROR;
				GCC_WARN_UNDECLARED_SELECTOR = YES;
				GCC_WARN_UNINITIALIZED_AUTOS = YES_AGGRESSIVE;
				GCC_WARN_UNUSED_FUNCTION = YES;
				GCC_WARN_UNUSED_VARIABLE = YES;
				MACOSX_DEPLOYMENT_TARGET = 10.9;
				MTL_ENABLE_DEBUG_INFO = YES;
				ONLY_ACTIVE_ARCH = YES;
				SDKROOT = macosx;
			};
			name = Debug;
		};
		FBCEB2DC1A7F065E00FEE1A2 /* Release */ = {
			isa = XCBuildConfiguration;
			buildSettings = {
				ALWAYS_SEARCH_USER_PATHS = NO;
				CLANG_CXX_LANGUAGE_STANDARD = "gnu++0x";
				CLANG_CXX_LIBRARY = "libc++";
				CLANG_ENABLE_MODULES = YES;
				CLANG_ENABLE_OBJC_ARC = YES;
				CLANG_WARN_BOOL_CONVERSION = YES;
				CLANG_WARN_CONSTANT_CONVERSION = YES;
				CLANG_WARN_DIRECT_OBJC_ISA_USAGE = YES_ERROR;
				CLANG_WARN_EMPTY_BODY = YES;
				CLANG_WARN_ENUM_CONVERSION = YES;
				CLANG_WARN_INT_CONVERSION = YES;
				CLANG_WARN_OBJC_ROOT_CLASS = YES_ERROR;
				CLANG_WARN_UNREACHABLE_CODE = YES;
				CLANG_WARN__DUPLICATE_METHOD_MATCH = YES;
				COPY_PHASE_STRIP = YES;
				DEBUG_INFORMATION_FORMAT = "dwarf-with-dsym";
				ENABLE_NS_ASSERTIONS = NO;
				ENABLE_STRICT_OBJC_MSGSEND = YES;
				GCC_C_LANGUAGE_STANDARD = gnu99;
				GCC_WARN_64_TO_32_BIT_CONVERSION = YES;
				GCC_WARN_ABOUT_RETURN_TYPE = YES_ERROR;
				GCC_WARN_UNDECLARED_SELECTOR = YES;
				GCC_WARN_UNINITIALIZED_AUTOS = YES_AGGRESSIVE;
				GCC_WARN_UNUSED_FUNCTION = YES;
				GCC_WARN_UNUSED_VARIABLE = YES;
				MACOSX_DEPLOYMENT_TARGET = 10.9;
				MTL_ENABLE_DEBUG_INFO = NO;
				SDKROOT = macosx;
			};
			name = Release;
		};
		FBCEB2DE1A7F065E00FEE1A2 /* Debug */ = {
			isa = XCBuildConfiguration;
			buildSettings = {
				PRODUCT_NAME = "$(TARGET_NAME)";
			};
			name = Debug;
		};
		FBCEB2DF1A7F065E00FEE1A2 /* Release */ = {
			isa = XCBuildConfiguration;
			buildSettings = {
				PRODUCT_NAME = "$(TARGET_NAME)";
			};
			name = Release;
		};
/* End XCBuildConfiguration section */

/* Begin XCConfigurationList section */
		FBCEB2D11A7F065E00FEE1A2 /* Build configuration list for PBXProject "project" */ = {
			isa = XCConfigurationList;
			buildConfigurations = (
				FBCEB2DB1A7F065E00FEE1A2 /* Debug */,
				FBCEB2DC1A7F065E00FEE1A2 /* Release */,
			);
			defaultConfigurationIsVisible = 0;
			defaultConfigurationName = Release;
		};
		FBCEB2DD1A7F065E00FEE1A2 /* Build configuration list for PBXNativeTarget "project" */ = {
			isa = XCConfigurationList;
			buildConfigurations = (
				FBCEB2DE1A7F065E00FEE1A2 /* Debug */,
				FBCEB2DF1A7F065E00FEE1A2 /* Release */,
			);
			defaultConfigurationIsVisible = 0;
		};
/* End XCConfigurationList section */
	};
	rootObject = FBCEB2CE1A7F065E00FEE1A2 /* Project object */;
}
